<?xml version="1.0" encoding="utf-8"?>
<Project ToolsVersion="4.0" xmlns="http://schemas.microsoft.com/developer/msbuild/2003">
  <ItemGroup>
    <Filter Include="Source Files">
      <UniqueIdentifier>{4FC737F1-C7A5-4376-A066-2A32D752A2FF}</UniqueIdentifier>
      <Extensions>cpp;c;cc;cxx;c++;cppm;ixx;def;odl;idl;hpj;bat;asm;asmx</Extensions>
    </Filter>
    <Filter Include="Header Files">
      <UniqueIdentifier>{93995380-89BD-4b04-88EB-625FBE52EBFB}</UniqueIdentifier>
      <Extensions>h;hh;hpp;hxx;h++;hm;inl;inc;ipp;xsd</Extensions>
    </Filter>
    <Filter Include="Resource Files">
      <UniqueIdentifier>{67DA6AB6-F800-4c08-8B7A-83BB121AAD01}</UniqueIdentifier>
      <Extensions>rc;ico;cur;bmp;dlg;rc2;rct;bin;rgs;gif;jpg;jpeg;jpe;resx;tiff;tif;png;wav;mfcribbon-ms</Extensions>
    </Filter>
  </ItemGroup>
  <ItemGroup>
    <ClInclude Include="..\..\repos\freetype\src\winfonts\fnterrs.h">
      <Filter>Header Files</Filter>
    </ClInclude>
    <ClInclude Include="..\..\repos\freetype\src\winfonts\winfnt.h">
      <Filter>Header Files</Filter>
    </ClInclude>
    <ClInclude Include="..\..\repos\freetype\src\type42\t42drivr.h">
      <Filter>Header Files</Filter>
    </ClInclude>
    <ClInclude Include="..\..\repos\freetype\src\type42\t42error.h">
      <Filter>Header Files</Filter>
    </ClInclude>
    <ClInclude Include="..\..\repos\freetype\src\type42\t42objs.h">
      <Filter>Header Files</Filter>
    </ClInclude>
    <ClInclude Include="..\..\repos\freetype\src\type42\t42parse.h">
      <Filter>Header Files</Filter>
    </ClInclude>
    <ClInclude Include="..\..\repos\freetype\src\type42\t42types.h">
      <Filter>Header Files</Filter>
    </ClInclude>
    <ClInclude Include="..\..\repos\freetype\src\type1\t1afm.h">
      <Filter>Header Files</Filter>
    </ClInclude>
    <ClInclude Include="..\..\repos\freetype\src\type1\t1driver.h">
      <Filter>Header Files</Filter>
    </ClInclude>
    <ClInclude Include="..\..\repos\freetype\src\type1\t1errors.h">
      <Filter>Header Files</Filter>
    </ClInclude>
    <ClInclude Include="..\..\repos\freetype\src\type1\t1gload.h">
      <Filter>Header Files</Filter>
    </ClInclude>
    <ClInclude Include="..\..\repos\freetype\src\type1\t1load.h">
      <Filter>Header Files</Filter>
    </ClInclude>
    <ClInclude Include="..\..\repos\freetype\src\type1\t1objs.h">
      <Filter>Header Files</Filter>
    </ClInclude>
    <ClInclude Include="..\..\repos\freetype\src\type1\t1parse.h">
      <Filter>Header Files</Filter>
    </ClInclude>
    <ClInclude Include="..\..\repos\freetype\src\type1\t1tokens.h">
      <Filter>Header Files</Filter>
    </ClInclude>
    <ClInclude Include="..\..\repos\freetype\src\truetype\ttdriver.h">
      <Filter>Header Files</Filter>
    </ClInclude>
    <ClInclude Include="..\..\repos\freetype\src\truetype\tterrors.h">
      <Filter>Header Files</Filter>
    </ClInclude>
    <ClInclude Include="..\..\repos\freetype\src\truetype\ttgload.h">
      <Filter>Header Files</Filter>
    </ClInclude>
    <ClInclude Include="..\..\repos\freetype\src\truetype\ttgxvar.h">
      <Filter>Header Files</Filter>
    </ClInclude>
    <ClInclude Include="..\..\repos\freetype\src\truetype\ttinterp.h">
      <Filter>Header Files</Filter>
    </ClInclude>
    <ClInclude Include="..\..\repos\freetype\src\truetype\ttobjs.h">
      <Filter>Header Files</Filter>
    </ClInclude>
    <ClInclude Include="..\..\repos\freetype\src\truetype\ttpload.h">
      <Filter>Header Files</Filter>
    </ClInclude>
    <ClInclude Include="..\..\repos\freetype\src\truetype\ttsubpix.h">
      <Filter>Header Files</Filter>
    </ClInclude>
    <ClInclude Include="..\..\repos\freetype\src\svg\ftsvg.h">
      <Filter>Header Files</Filter>
    </ClInclude>
    <ClInclude Include="..\..\repos\freetype\src\svg\svgtypes.h">
      <Filter>Header Files</Filter>
    </ClInclude>
    <ClInclude Include="..\..\repos\freetype\src\smooth\ftgrays.h">
      <Filter>Header Files</Filter>
    </ClInclude>
    <ClInclude Include="..\..\repos\freetype\src\smooth\ftsmerrs.h">
      <Filter>Header Files</Filter>
    </ClInclude>
    <ClInclude Include="..\..\repos\freetype\src\smooth\ftsmooth.h">
      <Filter>Header Files</Filter>
    </ClInclude>
    <ClInclude Include="..\..\repos\freetype\src\sfnt\pngshim.h">
      <Filter>Header Files</Filter>
    </ClInclude>
    <ClInclude Include="..\..\repos\freetype\src\sfnt\sfdriver.h">
      <Filter>Header Files</Filter>
    </ClInclude>
    <ClInclude Include="..\..\repos\freetype\src\sfnt\sferrors.h">
      <Filter>Header Files</Filter>
    </ClInclude>
    <ClInclude Include="..\..\repos\freetype\src\sfnt\sfobjs.h">
      <Filter>Header Files</Filter>
    </ClInclude>
    <ClInclude Include="..\..\repos\freetype\src\sfnt\sfwoff.h">
      <Filter>Header Files</Filter>
    </ClInclude>
    <ClInclude Include="..\..\repos\freetype\src\sfnt\sfwoff2.h">
      <Filter>Header Files</Filter>
    </ClInclude>
    <ClInclude Include="..\..\repos\freetype\src\sfnt\ttbdf.h">
      <Filter>Header Files</Filter>
    </ClInclude>
    <ClInclude Include="..\..\repos\freetype\src\sfnt\ttcmap.h">
      <Filter>Header Files</Filter>
    </ClInclude>
    <ClInclude Include="..\..\repos\freetype\src\sfnt\ttcmapc.h">
      <Filter>Header Files</Filter>
    </ClInclude>
    <ClInclude Include="..\..\repos\freetype\src\sfnt\ttcolr.h">
      <Filter>Header Files</Filter>
    </ClInclude>
    <ClInclude Include="..\..\repos\freetype\src\sfnt\ttcpal.h">
      <Filter>Header Files</Filter>
    </ClInclude>
    <ClInclude Include="..\..\repos\freetype\src\sfnt\ttkern.h">
      <Filter>Header Files</Filter>
    </ClInclude>
    <ClInclude Include="..\..\repos\freetype\src\sfnt\ttload.h">
      <Filter>Header Files</Filter>
    </ClInclude>
    <ClInclude Include="..\..\repos\freetype\src\sfnt\ttmtx.h">
      <Filter>Header Files</Filter>
    </ClInclude>
    <ClInclude Include="..\..\repos\freetype\src\sfnt\ttpost.h">
      <Filter>Header Files</Filter>
    </ClInclude>
    <ClInclude Include="..\..\repos\freetype\src\sfnt\ttsbit.h">
      <Filter>Header Files</Filter>
    </ClInclude>
    <ClInclude Include="..\..\repos\freetype\src\sfnt\ttsvg.h">
      <Filter>Header Files</Filter>
    </ClInclude>
    <ClInclude Include="..\..\repos\freetype\src\sfnt\woff2tags.h">
      <Filter>Header Files</Filter>
    </ClInclude>
    <ClInclude Include="..\..\repos\freetype\src\sdf\ftsdf.h">
      <Filter>Header Files</Filter>
    </ClInclude>
    <ClInclude Include="..\..\repos\freetype\src\sdf\ftsdfcommon.h">
      <Filter>Header Files</Filter>
    </ClInclude>
    <ClInclude Include="..\..\repos\freetype\src\sdf\ftsdferrs.h">
      <Filter>Header Files</Filter>
    </ClInclude>
    <ClInclude Include="..\..\repos\freetype\src\sdf\ftsdfrend.h">
      <Filter>Header Files</Filter>
    </ClInclude>
    <ClInclude Include="..\..\repos\freetype\src\raster\ftmisc.h">
      <Filter>Header Files</Filter>
    </ClInclude>
    <ClInclude Include="..\..\repos\freetype\src\raster\ftraster.h">
      <Filter>Header Files</Filter>
    </ClInclude>
    <ClInclude Include="..\..\repos\freetype\src\raster\ftrend1.h">
      <Filter>Header Files</Filter>
    </ClInclude>
    <ClInclude Include="..\..\repos\freetype\src\raster\rasterrs.h">
      <Filter>Header Files</Filter>
    </ClInclude>
    <ClInclude Include="..\..\repos\freetype\src\psnames\psmodule.h">
      <Filter>Header Files</Filter>
    </ClInclude>
    <ClInclude Include="..\..\repos\freetype\src\psnames\psnamerr.h">
      <Filter>Header Files</Filter>
    </ClInclude>
    <ClInclude Include="..\..\repos\freetype\src\psnames\pstables.h">
      <Filter>Header Files</Filter>
    </ClInclude>
    <ClInclude Include="..\..\repos\freetype\src\pshinter\pshalgo.h">
      <Filter>Header Files</Filter>
    </ClInclude>
    <ClInclude Include="..\..\repos\freetype\src\pshinter\pshglob.h">
      <Filter>Header Files</Filter>
    </ClInclude>
    <ClInclude Include="..\..\repos\freetype\src\pshinter\pshmod.h">
      <Filter>Header Files</Filter>
    </ClInclude>
    <ClInclude Include="..\..\repos\freetype\src\pshinter\pshnterr.h">
      <Filter>Header Files</Filter>
    </ClInclude>
    <ClInclude Include="..\..\repos\freetype\src\pshinter\pshrec.h">
      <Filter>Header Files</Filter>
    </ClInclude>
    <ClInclude Include="..\..\repos\freetype\src\psaux\afmparse.h">
      <Filter>Header Files</Filter>
    </ClInclude>
    <ClInclude Include="..\..\repos\freetype\src\psaux\cffdecode.h">
      <Filter>Header Files</Filter>
    </ClInclude>
    <ClInclude Include="..\..\repos\freetype\src\psaux\psarrst.h">
      <Filter>Header Files</Filter>
    </ClInclude>
    <ClInclude Include="..\..\repos\freetype\src\psaux\psauxerr.h">
      <Filter>Header Files</Filter>
    </ClInclude>
    <ClInclude Include="..\..\repos\freetype\src\psaux\psauxmod.h">
      <Filter>Header Files</Filter>
    </ClInclude>
    <ClInclude Include="..\..\repos\freetype\src\psaux\psblues.h">
      <Filter>Header Files</Filter>
    </ClInclude>
    <ClInclude Include="..\..\repos\freetype\src\psaux\psconv.h">
      <Filter>Header Files</Filter>
    </ClInclude>
    <ClInclude Include="..\..\repos\freetype\src\psaux\pserror.h">
      <Filter>Header Files</Filter>
    </ClInclude>
    <ClInclude Include="..\..\repos\freetype\src\psaux\psfixed.h">
      <Filter>Header Files</Filter>
    </ClInclude>
    <ClInclude Include="..\..\repos\freetype\src\psaux\psfont.h">
      <Filter>Header Files</Filter>
    </ClInclude>
    <ClInclude Include="..\..\repos\freetype\src\psaux\psft.h">
      <Filter>Header Files</Filter>
    </ClInclude>
    <ClInclude Include="..\..\repos\freetype\src\psaux\psglue.h">
      <Filter>Header Files</Filter>
    </ClInclude>
    <ClInclude Include="..\..\repos\freetype\src\psaux\pshints.h">
      <Filter>Header Files</Filter>
    </ClInclude>
    <ClInclude Include="..\..\repos\freetype\src\psaux\psintrp.h">
      <Filter>Header Files</Filter>
    </ClInclude>
    <ClInclude Include="..\..\repos\freetype\src\psaux\psobjs.h">
      <Filter>Header Files</Filter>
    </ClInclude>
    <ClInclude Include="..\..\repos\freetype\src\psaux\psread.h">
      <Filter>Header Files</Filter>
    </ClInclude>
    <ClInclude Include="..\..\repos\freetype\src\psaux\psstack.h">
      <Filter>Header Files</Filter>
    </ClInclude>
    <ClInclude Include="..\..\repos\freetype\src\psaux\pstypes.h">
      <Filter>Header Files</Filter>
    </ClInclude>
    <ClInclude Include="..\..\repos\freetype\src\psaux\t1cmap.h">
      <Filter>Header Files</Filter>
    </ClInclude>
    <ClInclude Include="..\..\repos\freetype\src\psaux\t1decode.h">
      <Filter>Header Files</Filter>
    </ClInclude>
    <ClInclude Include="..\..\repos\freetype\src\pfr\pfrcmap.h">
      <Filter>Header Files</Filter>
    </ClInclude>
    <ClInclude Include="..\..\repos\freetype\src\pfr\pfrdrivr.h">
      <Filter>Header Files</Filter>
    </ClInclude>
    <ClInclude Include="..\..\repos\freetype\src\pfr\pfrerror.h">
      <Filter>Header Files</Filter>
    </ClInclude>
    <ClInclude Include="..\..\repos\freetype\src\pfr\pfrgload.h">
      <Filter>Header Files</Filter>
    </ClInclude>
    <ClInclude Include="..\..\repos\freetype\src\pfr\pfrload.h">
      <Filter>Header Files</Filter>
    </ClInclude>
    <ClInclude Include="..\..\repos\freetype\src\pfr\pfrobjs.h">
      <Filter>Header Files</Filter>
    </ClInclude>
    <ClInclude Include="..\..\repos\freetype\src\pfr\pfrsbit.h">
      <Filter>Header Files</Filter>
    </ClInclude>
    <ClInclude Include="..\..\repos\freetype\src\pfr\pfrtypes.h">
      <Filter>Header Files</Filter>
    </ClInclude>
    <ClInclude Include="..\..\repos\freetype\src\pcf\pcf.h">
      <Filter>Header Files</Filter>
    </ClInclude>
    <ClInclude Include="..\..\repos\freetype\src\pcf\pcfdrivr.h">
      <Filter>Header Files</Filter>
    </ClInclude>
    <ClInclude Include="..\..\repos\freetype\src\pcf\pcferror.h">
      <Filter>Header Files</Filter>
    </ClInclude>
    <ClInclude Include="..\..\repos\freetype\src\pcf\pcfread.h">
      <Filter>Header Files</Filter>
    </ClInclude>
    <ClInclude Include="..\..\repos\freetype\src\pcf\pcfutil.h">
      <Filter>Header Files</Filter>
    </ClInclude>
    <ClInclude Include="..\..\repos\freetype\src\otvalid\otvalid.h">
      <Filter>Header Files</Filter>
    </ClInclude>
    <ClInclude Include="..\..\repos\freetype\src\otvalid\otvcommn.h">
      <Filter>Header Files</Filter>
    </ClInclude>
    <ClInclude Include="..\..\repos\freetype\src\otvalid\otverror.h">
      <Filter>Header Files</Filter>
    </ClInclude>
    <ClInclude Include="..\..\repos\freetype\src\otvalid\otvgpos.h">
      <Filter>Header Files</Filter>
    </ClInclude>
    <ClInclude Include="..\..\repos\freetype\src\otvalid\otvmod.h">
      <Filter>Header Files</Filter>
    </ClInclude>
    <ClInclude Include="..\..\repos\freetype\src\lzw\ftzopen.h">
      <Filter>Header Files</Filter>
    </ClInclude>
    <ClInclude Include="..\..\repos\freetype\src\gzip\crc32.h">
      <Filter>Header Files</Filter>
    </ClInclude>
    <ClInclude Include="..\..\repos\freetype\src\gzip\ftzconf.h">
      <Filter>Header Files</Filter>
    </ClInclude>
    <ClInclude Include="..\..\repos\freetype\src\gzip\gzguts.h">
      <Filter>Header Files</Filter>
    </ClInclude>
    <ClInclude Include="..\..\repos\freetype\src\gzip\inffast.h">
      <Filter>Header Files</Filter>
    </ClInclude>
    <ClInclude Include="..\..\repos\freetype\src\gzip\inffixed.h">
      <Filter>Header Files</Filter>
    </ClInclude>
    <ClInclude Include="..\..\repos\freetype\src\gzip\inflate.h">
      <Filter>Header Files</Filter>
    </ClInclude>
    <ClInclude Include="..\..\repos\freetype\src\gzip\inftrees.h">
      <Filter>Header Files</Filter>
    </ClInclude>
    <ClInclude Include="..\..\repos\freetype\src\gzip\zlib.h">
      <Filter>Header Files</Filter>
    </ClInclude>
    <ClInclude Include="..\..\repos\freetype\src\gzip\zutil.h">
      <Filter>Header Files</Filter>
    </ClInclude>
    <ClInclude Include="..\..\repos\freetype\src\gxvalid\gxvalid.h">
      <Filter>Header Files</Filter>
    </ClInclude>
    <ClInclude Include="..\..\repos\freetype\src\gxvalid\gxvcommn.h">
      <Filter>Header Files</Filter>
    </ClInclude>
    <ClInclude Include="..\..\repos\freetype\src\gxvalid\gxverror.h">
      <Filter>Header Files</Filter>
    </ClInclude>
    <ClInclude Include="..\..\repos\freetype\src\gxvalid\gxvfeat.h">
      <Filter>Header Files</Filter>
    </ClInclude>
    <ClInclude Include="..\..\repos\freetype\src\gxvalid\gxvmod.h">
      <Filter>Header Files</Filter>
    </ClInclude>
    <ClInclude Include="..\..\repos\freetype\src\gxvalid\gxvmort.h">
      <Filter>Header Files</Filter>
    </ClInclude>
    <ClInclude Include="..\..\repos\freetype\src\gxvalid\gxvmorx.h">
      <Filter>Header Files</Filter>
    </ClInclude>
    <ClInclude Include="..\..\repos\freetype\src\cid\ciderrs.h">
      <Filter>Header Files</Filter>
    </ClInclude>
    <ClInclude Include="..\..\repos\freetype\src\cid\cidgload.h">
      <Filter>Header Files</Filter>
    </ClInclude>
    <ClInclude Include="..\..\repos\freetype\src\cid\cidload.h">
      <Filter>Header Files</Filter>
    </ClInclude>
    <ClInclude Include="..\..\repos\freetype\src\cid\cidobjs.h">
      <Filter>Header Files</Filter>
    </ClInclude>
    <ClInclude Include="..\..\repos\freetype\src\cid\cidparse.h">
      <Filter>Header Files</Filter>
    </ClInclude>
    <ClInclude Include="..\..\repos\freetype\src\cid\cidriver.h">
      <Filter>Header Files</Filter>
    </ClInclude>
    <ClInclude Include="..\..\repos\freetype\src\cid\cidtoken.h">
      <Filter>Header Files</Filter>
    </ClInclude>
    <ClInclude Include="..\..\repos\freetype\src\cff\cffcmap.h">
      <Filter>Header Files</Filter>
    </ClInclude>
    <ClInclude Include="..\..\repos\freetype\src\cff\cffdrivr.h">
      <Filter>Header Files</Filter>
    </ClInclude>
    <ClInclude Include="..\..\repos\freetype\src\cff\cfferrs.h">
      <Filter>Header Files</Filter>
    </ClInclude>
    <ClInclude Include="..\..\repos\freetype\src\cff\cffgload.h">
      <Filter>Header Files</Filter>
    </ClInclude>
    <ClInclude Include="..\..\repos\freetype\src\cff\cffload.h">
      <Filter>Header Files</Filter>
    </ClInclude>
    <ClInclude Include="..\..\repos\freetype\src\cff\cffobjs.h">
      <Filter>Header Files</Filter>
    </ClInclude>
    <ClInclude Include="..\..\repos\freetype\src\cff\cffparse.h">
      <Filter>Header Files</Filter>
    </ClInclude>
    <ClInclude Include="..\..\repos\freetype\src\cff\cfftoken.h">
      <Filter>Header Files</Filter>
    </ClInclude>
    <ClInclude Include="..\..\repos\freetype\src\cache\ftccache.h">
      <Filter>Header Files</Filter>
    </ClInclude>
    <ClInclude Include="..\..\repos\freetype\src\cache\ftccback.h">
      <Filter>Header Files</Filter>
    </ClInclude>
    <ClInclude Include="..\..\repos\freetype\src\cache\ftcerror.h">
      <Filter>Header Files</Filter>
    </ClInclude>
    <ClInclude Include="..\..\repos\freetype\src\cache\ftcglyph.h">
      <Filter>Header Files</Filter>
    </ClInclude>
    <ClInclude Include="..\..\repos\freetype\src\cache\ftcimage.h">
      <Filter>Header Files</Filter>
    </ClInclude>
    <ClInclude Include="..\..\repos\freetype\src\cache\ftcmanag.h">
      <Filter>Header Files</Filter>
    </ClInclude>
    <ClInclude Include="..\..\repos\freetype\src\cache\ftcmru.h">
      <Filter>Header Files</Filter>
    </ClInclude>
    <ClInclude Include="..\..\repos\freetype\src\cache\ftcsbits.h">
      <Filter>Header Files</Filter>
    </ClInclude>
    <ClInclude Include="..\..\repos\freetype\src\bdf\bdf.h">
      <Filter>Header Files</Filter>
    </ClInclude>
    <ClInclude Include="..\..\repos\freetype\src\bdf\bdfdrivr.h">
      <Filter>Header Files</Filter>
    </ClInclude>
    <ClInclude Include="..\..\repos\freetype\src\bdf\bdferror.h">
      <Filter>Header Files</Filter>
    </ClInclude>
    <ClInclude Include="..\..\repos\freetype\src\base\ftbase.h">
      <Filter>Header Files</Filter>
    </ClInclude>
    <ClInclude Include="..\..\repos\freetype\src\base\md5.h">
      <Filter>Header Files</Filter>
    </ClInclude>
    <ClInclude Include="..\..\repos\freetype\src\autofit\afblue.h">
      <Filter>Header Files</Filter>
    </ClInclude>
    <ClInclude Include="..\..\repos\freetype\src\autofit\afcjk.h">
      <Filter>Header Files</Filter>
    </ClInclude>
    <ClInclude Include="..\..\repos\freetype\src\autofit\afcover.h">
      <Filter>Header Files</Filter>
    </ClInclude>
    <ClInclude Include="..\..\repos\freetype\src\autofit\afdummy.h">
      <Filter>Header Files</Filter>
    </ClInclude>
    <ClInclude Include="..\..\repos\freetype\src\autofit\aferrors.h">
      <Filter>Header Files</Filter>
    </ClInclude>
    <ClInclude Include="..\..\repos\freetype\src\autofit\afglobal.h">
      <Filter>Header Files</Filter>
    </ClInclude>
    <ClInclude Include="..\..\repos\freetype\src\autofit\afhints.h">
      <Filter>Header Files</Filter>
    </ClInclude>
    <ClInclude Include="..\..\repos\freetype\src\autofit\afindic.h">
      <Filter>Header Files</Filter>
    </ClInclude>
    <ClInclude Include="..\..\repos\freetype\src\autofit\aflatin.h">
      <Filter>Header Files</Filter>
    </ClInclude>
    <ClInclude Include="..\..\repos\freetype\src\autofit\afloader.h">
      <Filter>Header Files</Filter>
    </ClInclude>
    <ClInclude Include="..\..\repos\freetype\src\autofit\afmodule.h">
      <Filter>Header Files</Filter>
    </ClInclude>
    <ClInclude Include="..\..\repos\freetype\src\autofit\afranges.h">
      <Filter>Header Files</Filter>
    </ClInclude>
    <ClInclude Include="..\..\repos\freetype\src\autofit\afscript.h">
      <Filter>Header Files</Filter>
    </ClInclude>
    <ClInclude Include="..\..\repos\freetype\src\autofit\afshaper.h">
      <Filter>Header Files</Filter>
    </ClInclude>
    <ClInclude Include="..\..\repos\freetype\src\autofit\afstyles.h">
      <Filter>Header Files</Filter>
    </ClInclude>
    <ClInclude Include="..\..\repos\freetype\src\autofit\aftypes.h">
      <Filter>Header Files</Filter>
    </ClInclude>
    <ClInclude Include="..\..\repos\freetype\src\autofit\afws-decl.h">
      <Filter>Header Files</Filter>
    </ClInclude>
    <ClInclude Include="..\..\repos\freetype\src\autofit\afws-iter.h">
      <Filter>Header Files</Filter>
    </ClInclude>
    <ClInclude Include="..\..\repos\freetype\src\autofit\ft-hb.h">
      <Filter>Header Files</Filter>
    </ClInclude>
  </ItemGroup>
  <ItemGroup>
    <ClCompile Include="..\..\repos\freetype\src\winfonts\winfnt.c">
      <Filter>Source Files</Filter>
    </ClCompile>
    <ClCompile Include="..\..\repos\freetype\src\type42\type42.c">
      <Filter>Source Files</Filter>
    </ClCompile>
    <ClCompile Include="..\..\repos\freetype\src\type1\type1.c">
      <Filter>Source Files</Filter>
    </ClCompile>
    <ClCompile Include="..\..\repos\freetype\src\truetype\truetype.c">
      <Filter>Source Files</Filter>
    </ClCompile>
    <ClCompile Include="..\..\repos\freetype\src\svg\svg.c">
      <Filter>Source Files</Filter>
    </ClCompile>
    <ClCompile Include="..\..\repos\freetype\src\smooth\smooth.c">
      <Filter>Source Files</Filter>
    </ClCompile>
    <ClCompile Include="..\..\repos\freetype\src\sfnt\sfnt.c">
      <Filter>Source Files</Filter>
    </ClCompile>
    <ClCompile Include="..\..\repos\freetype\src\sdf\sdf.c">
      <Filter>Source Files</Filter>
    </ClCompile>
    <ClCompile Include="..\..\repos\freetype\src\raster\raster.c">
      <Filter>Source Files</Filter>
    </ClCompile>
    <ClCompile Include="..\..\repos\freetype\src\psnames\psnames.c">
      <Filter>Source Files</Filter>
    </ClCompile>
    <ClCompile Include="..\..\repos\freetype\src\pshinter\pshinter.c">
      <Filter>Source Files</Filter>
    </ClCompile>
    <ClCompile Include="..\..\repos\freetype\src\psaux\psaux.c">
      <Filter>Source Files</Filter>
    </ClCompile>
    <ClCompile Include="..\..\repos\freetype\src\pfr\pfr.c">
      <Filter>Source Files</Filter>
    </ClCompile>
    <ClCompile Include="..\..\repos\freetype\src\pcf\pcf.c">
      <Filter>Source Files</Filter>
    </ClCompile>
    <ClCompile Include="..\..\repos\freetype\src\lzw\ftlzw.c">
      <Filter>Source Files</Filter>
    </ClCompile>
    <ClCompile Include="..\..\repos\freetype\src\gzip\ftgzip.c">
      <Filter>Source Files</Filter>
    </ClCompile>
    <ClCompile Include="..\..\repos\freetype\src\cid\type1cid.c">
      <Filter>Source Files</Filter>
    </ClCompile>
    <ClCompile Include="..\..\repos\freetype\src\cff\cff.c">
      <Filter>Source Files</Filter>
    </ClCompile>
    <ClCompile Include="..\..\repos\freetype\src\cache\ftcache.c">
      <Filter>Source Files</Filter>
    </ClCompile>
    <ClCompile Include="..\..\repos\freetype\src\bzip2\ftbzip2.c">
      <Filter>Source Files</Filter>
    </ClCompile>
    <ClCompile Include="..\..\repos\freetype\src\bdf\bdf.c">
      <Filter>Source Files</Filter>
    </ClCompile>
    <ClCompile Include="..\..\repos\freetype\src\base\ftbase.c">
      <Filter>Source Files</Filter>
    </ClCompile>
    <ClCompile Include="..\..\repos\freetype\src\base\ftbbox.c">
      <Filter>Source Files</Filter>
    </ClCompile>
    <ClCompile Include="..\..\repos\freetype\src\base\ftbdf.c">
      <Filter>Source Files</Filter>
    </ClCompile>
    <ClCompile Include="..\..\repos\freetype\src\base\ftbitmap.c">
      <Filter>Source Files</Filter>
    </ClCompile>
    <ClCompile Include="..\..\repos\freetype\src\base\ftcid.c">
      <Filter>Source Files</Filter>
    </ClCompile>
    <ClCompile Include="..\..\repos\freetype\src\base\ftdebug.c">
      <Filter>Source Files</Filter>
    </ClCompile>
    <ClCompile Include="..\..\repos\freetype\src\base\ftfstype.c">
      <Filter>Source Files</Filter>
    </ClCompile>
    <ClCompile Include="..\..\repos\freetype\src\base\ftgasp.c">
      <Filter>Source Files</Filter>
    </ClCompile>
    <ClCompile Include="..\..\repos\freetype\src\base\ftglyph.c">
      <Filter>Source Files</Filter>
    </ClCompile>
    <ClCompile Include="..\..\repos\freetype\src\base\ftgxval.c">
      <Filter>Source Files</Filter>
    </ClCompile>
    <ClCompile Include="..\..\repos\freetype\src\base\ftinit.c">
      <Filter>Source Files</Filter>
    </ClCompile>
    <ClCompile Include="..\..\repos\freetype\src\base\ftmm.c">
      <Filter>Source Files</Filter>
    </ClCompile>
    <ClCompile Include="..\..\repos\freetype\src\base\ftotval.c">
      <Filter>Source Files</Filter>
    </ClCompile>
    <ClCompile Include="..\..\repos\freetype\src\base\ftpatent.c">
      <Filter>Source Files</Filter>
    </ClCompile>
    <ClCompile Include="..\..\repos\freetype\src\base\ftpfr.c">
      <Filter>Source Files</Filter>
    </ClCompile>
    <ClCompile Include="..\..\repos\freetype\src\base\ftstroke.c">
      <Filter>Source Files</Filter>
    </ClCompile>
    <ClCompile Include="..\..\repos\freetype\src\base\ftsynth.c">
      <Filter>Source Files</Filter>
    </ClCompile>
    <ClCompile Include="..\..\repos\freetype\src\base\ftsystem.c">
      <Filter>Source Files</Filter>
    </ClCompile>
    <ClCompile Include="..\..\repos\freetype\src\base\fttype1.c">
      <Filter>Source Files</Filter>
    </ClCompile>
    <ClCompile Include="..\..\repos\freetype\src\base\ftwinfnt.c">
      <Filter>Source Files</Filter>
    </ClCompile>
    <ClCompile Include="..\..\repos\freetype\src\autofit\autofit.c">
      <Filter>Source Files</Filter>
    </ClCompile>
  </ItemGroup>
  <ItemGroup>
    <ResourceCompile Include="..\..\repos\freetype\src\base\ftver.rc">
      <Filter>Source Files</Filter>
    </ResourceCompile>
  </ItemGroup>
</Project>