<?xml version="1.0" encoding="utf-8"?>
<Project ToolsVersion="4.0" xmlns="http://schemas.microsoft.com/developer/msbuild/2003">
  <ItemGroup>
    <Filter Include="Source Files">
      <UniqueIdentifier>{4FC737F1-C7A5-4376-A066-2A32D752A2FF}</UniqueIdentifier>
      <Extensions>cpp;c;cc;cxx;c++;cppm;ixx;def;odl;idl;hpj;bat;asm;asmx</Extensions>
    </Filter>
    <Filter Include="Header Files">
      <UniqueIdentifier>{93995380-89BD-4b04-88EB-625FBE52EBFB}</UniqueIdentifier>
      <Extensions>h;hh;hpp;hxx;h++;hm;inl;inc;ipp;xsd</Extensions>
    </Filter>
    <Filter Include="Resource Files">
      <UniqueIdentifier>{67DA6AB6-F800-4c08-8B7A-83BB121AAD01}</UniqueIdentifier>
      <Extensions>rc;ico;cur;bmp;dlg;rc2;rct;bin;rgs;gif;jpg;jpeg;jpe;resx;tiff;tif;png;wav;mfcribbon-ms</Extensions>
    </Filter>
  </ItemGroup>
  <ItemGroup>
    <ClCompile Include="src\copium\core\Application.cpp">
      <Filter>Source Files</Filter>
    </ClCompile>
    <ClCompile Include="src\copium\buffer\Buffer.cpp">
      <Filter>Source Files</Filter>
    </ClCompile>
    <ClCompile Include="src\copium\sampler\ColorAttachment.cpp">
      <Filter>Source Files</Filter>
    </ClCompile>
    <ClCompile Include="src\copium\buffer\CommandBuffer.cpp">
      <Filter>Source Files</Filter>
    </ClCompile>
    <ClCompile Include="src\copium\buffer\CommandBufferScoped.cpp">
      <Filter>Source Files</Filter>
    </ClCompile>
    <ClCompile Include="src\copium\core\DebugMessenger.cpp">
      <Filter>Source Files</Filter>
    </ClCompile>
    <ClCompile Include="src\copium\sampler\DepthAttachment.cpp">
      <Filter>Source Files</Filter>
    </ClCompile>
    <ClCompile Include="src\copium\pipeline\DescriptorPool.cpp">
      <Filter>Source Files</Filter>
    </ClCompile>
    <ClCompile Include="src\copium\pipeline\DescriptorSet.cpp">
      <Filter>Source Files</Filter>
    </ClCompile>
    <ClCompile Include="src\copium\util\FileSystem.cpp">
      <Filter>Source Files</Filter>
    </ClCompile>
    <ClCompile Include="src\copium\buffer\Framebuffer.cpp">
      <Filter>Source Files</Filter>
    </ClCompile>
    <ClCompile Include="src\copium\sampler\Image.cpp">
      <Filter>Source Files</Filter>
    </ClCompile>
    <ClCompile Include="src\copium\buffer\IndexBuffer.cpp">
      <Filter>Source Files</Filter>
    </ClCompile>
    <ClCompile Include="src\copium\core\Instance.cpp">
      <Filter>Source Files</Filter>
    </ClCompile>
    <ClCompile Include="src\copium\main.cpp">
      <Filter>Source Files</Filter>
    </ClCompile>
    <ClCompile Include="src\copium\pipeline\Pipeline.cpp">
      <Filter>Source Files</Filter>
    </ClCompile>
    <ClCompile Include="src\copium\pipeline\PipelineCreator.cpp">
      <Filter>Source Files</Filter>
    </ClCompile>
    <ClCompile Include="src\copium\core\QueueFamilies.cpp">
      <Filter>Source Files</Filter>
    </ClCompile>
    <ClCompile Include="src\copium\sampler\Sampler.cpp">
      <Filter>Source Files</Filter>
    </ClCompile>
    <ClCompile Include="src\copium\pipeline\Shader.cpp">
      <Filter>Source Files</Filter>
    </ClCompile>
    <ClCompile Include="src\copium\core\SwapChain.cpp">
      <Filter>Source Files</Filter>
    </ClCompile>
    <ClCompile Include="src\copium\sampler\Texture2D.cpp">
      <Filter>Source Files</Filter>
    </ClCompile>
    <ClCompile Include="src\copium\util\Timer.cpp">
      <Filter>Source Files</Filter>
    </ClCompile>
    <ClCompile Include="src\copium\buffer\UniformBuffer.cpp">
      <Filter>Source Files</Filter>
    </ClCompile>
    <ClCompile Include="src\copium\mesh\Vertex.cpp">
      <Filter>Source Files</Filter>
    </ClCompile>
    <ClCompile Include="src\copium\buffer\VertexBuffer.cpp">
      <Filter>Source Files</Filter>
    </ClCompile>
    <ClCompile Include="src\copium\pipeline\VertexDescriptor.cpp">
      <Filter>Source Files</Filter>
    </ClCompile>
    <ClCompile Include="src\copium\mesh\VertexPassthrough.cpp">
      <Filter>Source Files</Filter>
    </ClCompile>
    <ClCompile Include="src\copium\mesh\Mesh.cpp">
      <Filter>Source Files</Filter>
    </ClCompile>
    <ClCompile Include="src\copium\core\Device.cpp">
      <Filter>Source Files</Filter>
    </ClCompile>
    <ClCompile Include="src\copium\core\Window.cpp">
      <Filter>Source Files</Filter>
    </ClCompile>
    <ClCompile Include="src\copium\core\Vulkan.cpp">
      <Filter>Source Files</Filter>
    </ClCompile>
    <ClCompile Include="src\copium\renderer\Renderer.cpp">
      <Filter>Source Files</Filter>
    </ClCompile>
    <ClCompile Include="src\copium\renderer\RendererVertex.cpp">
      <Filter>Source Files</Filter>
    </ClCompile>
    <ClCompile Include="src\copium\buffer\RendererVertexBuffer.cpp">
      <Filter>Source Files</Filter>
    </ClCompile>
    <ClCompile Include="src\copium\renderer\Batch.cpp">
      <Filter>Source Files</Filter>
    </ClCompile>
    <ClCompile Include="src\copium\pipeline\ShaderReflector.cpp">
      <Filter>Source Files</Filter>
    </ClCompile>
    <ClCompile Include="src\copium\pipeline\ShaderBinding.cpp">
      <Filter>Source Files</Filter>
    </ClCompile>
    <ClCompile Include="src\copium\util\UUID.cpp">
      <Filter>Source Files</Filter>
    </ClCompile>
    <ClCompile Include="src\copium\asset\AssetManager.cpp">
      <Filter>Source Files</Filter>
    </ClCompile>
    <ClCompile Include="src\copium\util\MetaFile.cpp">
      <Filter>Source Files</Filter>
    </ClCompile>
    <ClCompile Include="src\copium\util\StringUtil.cpp">
      <Filter>Source Files</Filter>
    </ClCompile>
    <ClCompile Include="src\copium\asset\Asset.cpp">
      <Filter>Source Files</Filter>
    </ClCompile>
    <ClCompile Include="src\copium\asset\AssetFile.cpp">
      <Filter>Source Files</Filter>
    </ClCompile>
    <ClCompile Include="src\copium\util\RuntimeException.cpp">
      <Filter>Source Files</Filter>
    </ClCompile>
    <ClCompile Include="src\copium\event\Event.cpp">
      <Filter>Source Files</Filter>
    </ClCompile>
    <ClCompile Include="src\copium\event\MousePressEvent.cpp">
      <Filter>Source Files</Filter>
    </ClCompile>
    <ClCompile Include="src\copium\event\MouseReleaseEvent.cpp">
      <Filter>Source Files</Filter>
    </ClCompile>
    <ClCompile Include="src\copium\event\MouseMoveEvent.cpp">
      <Filter>Source Files</Filter>
    </ClCompile>
    <ClCompile Include="src\copium\event\KeyPressEvent.cpp">
      <Filter>Source Files</Filter>
    </ClCompile>
    <ClCompile Include="src\copium\event\KeyReleaseEvent.cpp">
      <Filter>Source Files</Filter>
    </ClCompile>
    <ClCompile Include="src\copium\event\EventDispatcher.cpp">
      <Filter>Source Files</Filter>
    </ClCompile>
    <ClCompile Include="src\copium\event\WindowResizeEvent.cpp">
      <Filter>Source Files</Filter>
    </ClCompile>
    <ClCompile Include="src\copium\event\WindowFocusEvent.cpp">
      <Filter>Source Files</Filter>
    </ClCompile>
    <ClCompile Include="src\copium\event\MouseScrollEvent.cpp">
      <Filter>Source Files</Filter>
    </ClCompile>
    <ClCompile Include="src\copium\sampler\Font.cpp">
      <Filter>Source Files</Filter>
    </ClCompile>
    <ClCompile Include="src\copium\util\BoundingBox.cpp">
      <Filter>Source Files</Filter>
    </ClCompile>
    <ClCompile Include="src\copium\ecs\ECSManager.cpp">
      <Filter>Source Files</Filter>
    </ClCompile>
    <ClCompile Include="src\copium\ecs\EntitySet.cpp">
      <Filter>Source Files</Filter>
    </ClCompile>
    <ClCompile Include="src\copium\ecs\ComponentPoolBase.cpp">
      <Filter>Source Files</Filter>
    </ClCompile>
    <ClCompile Include="src\copium\ecs\Entity.cpp">
      <Filter>Source Files</Filter>
    </ClCompile>
    <ClCompile Include="src\copium\core\Scene.cpp">
      <Filter>Source Files</Filter>
    </ClCompile>
    <ClCompile Include="src\copium\asset\AssetRef.cpp">
      <Filter>Source Files</Filter>
    </ClCompile>
    <ClCompile Include="src\copium\ecs\SystemPool.cpp">
      <Filter>Source Files</Filter>
    </ClCompile>
    <ClCompile Include="src\copium\ecs\SystemOrderer.cpp">
      <Filter>Source Files</Filter>
    </ClCompile>
  </ItemGroup>
  <ItemGroup>
    <ClInclude Include="src\copium\sampler\DepthAttachment.h">
      <Filter>Header Files</Filter>
    </ClInclude>
    <ClInclude Include="src\copium\core\Application.h">
      <Filter>Header Files</Filter>
    </ClInclude>
    <ClInclude Include="src\copium\sampler\ColorAttachment.h">
      <Filter>Header Files</Filter>
    </ClInclude>
    <ClInclude Include="src\copium\buffer\Buffer.h">
      <Filter>Header Files</Filter>
    </ClInclude>
    <ClInclude Include="src\copium\buffer\CommandBuffer.h">
      <Filter>Header Files</Filter>
    </ClInclude>
    <ClInclude Include="src\copium\util\Common.h">
      <Filter>Header Files</Filter>
    </ClInclude>
    <ClInclude Include="src\copium\core\DebugMessenger.h">
      <Filter>Header Files</Filter>
    </ClInclude>
    <ClInclude Include="src\copium\pipeline\DescriptorSet.h">
      <Filter>Header Files</Filter>
    </ClInclude>
    <ClInclude Include="src\copium\pipeline\DescriptorPool.h">
      <Filter>Header Files</Filter>
    </ClInclude>
    <ClInclude Include="src\copium\util\FileSystem.h">
      <Filter>Header Files</Filter>
    </ClInclude>
    <ClInclude Include="src\copium\buffer\Framebuffer.h">
      <Filter>Header Files</Filter>
    </ClInclude>
    <ClInclude Include="src\copium\sampler\Image.h">
      <Filter>Header Files</Filter>
    </ClInclude>
    <ClInclude Include="src\copium\buffer\IndexBuffer.h">
      <Filter>Header Files</Filter>
    </ClInclude>
    <ClInclude Include="src\copium\pipeline\Pipeline.h">
      <Filter>Header Files</Filter>
    </ClInclude>
    <ClInclude Include="src\copium\pipeline\PipelineCreator.h">
      <Filter>Header Files</Filter>
    </ClInclude>
    <ClInclude Include="src\copium\sampler\Sampler.h">
      <Filter>Header Files</Filter>
    </ClInclude>
    <ClInclude Include="src\copium\pipeline\Shader.h">
      <Filter>Header Files</Filter>
    </ClInclude>
    <ClInclude Include="src\copium\sampler\Texture2D.h">
      <Filter>Header Files</Filter>
    </ClInclude>
    <ClInclude Include="src\copium\buffer\CommandBufferScoped.h">
      <Filter>Header Files</Filter>
    </ClInclude>
    <ClInclude Include="src\copium\buffer\UniformBuffer.h">
      <Filter>Header Files</Filter>
    </ClInclude>
    <ClInclude Include="src\copium\core\Instance.h">
      <Filter>Header Files</Filter>
    </ClInclude>
    <ClInclude Include="src\copium\core\QueueFamilies.h">
      <Filter>Header Files</Filter>
    </ClInclude>
    <ClInclude Include="src\copium\core\SwapChain.h">
      <Filter>Header Files</Filter>
    </ClInclude>
    <ClInclude Include="src\copium\util\Timer.h">
      <Filter>Header Files</Filter>
    </ClInclude>
    <ClInclude Include="src\copium\mesh\Vertex.h">
      <Filter>Header Files</Filter>
    </ClInclude>
    <ClInclude Include="src\copium\buffer\VertexBuffer.h">
      <Filter>Header Files</Filter>
    </ClInclude>
    <ClInclude Include="src\copium\pipeline\VertexDescriptor.h">
      <Filter>Header Files</Filter>
    </ClInclude>
    <ClInclude Include="src\copium\util\VulkanException.h">
      <Filter>Header Files</Filter>
    </ClInclude>
    <ClInclude Include="src\copium\mesh\VertexPassthrough.h">
      <Filter>Header Files</Filter>
    </ClInclude>
    <ClInclude Include="src\copium\mesh\Mesh.h">
      <Filter>Header Files</Filter>
    </ClInclude>
    <ClInclude Include="src\copium\core\Window.h">
      <Filter>Header Files</Filter>
    </ClInclude>
    <ClInclude Include="src\copium\core\Vulkan.h">
      <Filter>Header Files</Filter>
    </ClInclude>
    <ClInclude Include="src\copium\core\Device.h">
      <Filter>Header Files</Filter>
    </ClInclude>
    <ClInclude Include="src\copium\renderer\Renderer.h">
      <Filter>Header Files</Filter>
    </ClInclude>
    <ClInclude Include="src\copium\renderer\RendererVertex.h">
      <Filter>Header Files</Filter>
    </ClInclude>
    <ClInclude Include="src\copium\buffer\RendererVertexBuffer.h">
      <Filter>Header Files</Filter>
    </ClInclude>
    <ClInclude Include="src\copium\renderer\Batch.h">
      <Filter>Header Files</Filter>
    </ClInclude>
    <ClInclude Include="src\copium\pipeline\ShaderReflector.h">
      <Filter>Header Files</Filter>
    </ClInclude>
    <ClInclude Include="src\copium\pipeline\ShaderBinding.h">
      <Filter>Header Files</Filter>
    </ClInclude>
    <ClInclude Include="src\copium\util\UUID.h">
      <Filter>Header Files</Filter>
    </ClInclude>
    <ClInclude Include="src\copium\asset\AssetMeta.h">
      <Filter>Header Files</Filter>
    </ClInclude>
    <ClInclude Include="src\copium\util\MetaFile.h">
      <Filter>Header Files</Filter>
    </ClInclude>
    <ClInclude Include="src\copium\util\StringUtil.h">
      <Filter>Header Files</Filter>
    </ClInclude>
    <ClInclude Include="src\copium\asset\Asset.h">
      <Filter>Header Files</Filter>
    </ClInclude>
    <ClInclude Include="src\copium\asset\AssetManager.h">
      <Filter>Header Files</Filter>
    </ClInclude>
    <ClInclude Include="src\copium\asset\AssetFile.h">
      <Filter>Header Files</Filter>
    </ClInclude>
    <ClInclude Include="src\copium\util\RuntimeException.h">
      <Filter>Header Files</Filter>
    </ClInclude>
    <ClInclude Include="src\copium\event\Event.h">
      <Filter>Header Files</Filter>
    </ClInclude>
    <ClInclude Include="src\copium\event\EventType.h">
      <Filter>Header Files</Filter>
    </ClInclude>
    <ClInclude Include="src\copium\event\MousePressEvent.h">
      <Filter>Header Files</Filter>
    </ClInclude>
    <ClInclude Include="src\copium\event\MouseReleaseEvent.h">
      <Filter>Header Files</Filter>
    </ClInclude>
    <ClInclude Include="src\copium\event\MouseMoveEvent.h">
      <Filter>Header Files</Filter>
    </ClInclude>
    <ClInclude Include="src\copium\event\KeyPressEvent.h">
      <Filter>Header Files</Filter>
    </ClInclude>
    <ClInclude Include="src\copium\event\KeyReleaseEvent.h">
      <Filter>Header Files</Filter>
    </ClInclude>
    <ClInclude Include="src\copium\event\EventDispatcher.h">
      <Filter>Header Files</Filter>
    </ClInclude>
    <ClInclude Include="src\copium\event\EventHandler.h">
      <Filter>Header Files</Filter>
    </ClInclude>
    <ClInclude Include="src\copium\event\EventResult.h">
      <Filter>Header Files</Filter>
    </ClInclude>
    <ClInclude Include="src\copium\event\WindowResizeEvent.h">
      <Filter>Header Files</Filter>
    </ClInclude>
    <ClInclude Include="src\copium\event\WindowFocusEvent.h">
      <Filter>Header Files</Filter>
    </ClInclude>
    <ClInclude Include="src\copium\event\MouseScrollEvent.h">
      <Filter>Header Files</Filter>
    </ClInclude>
    <ClInclude Include="src\copium\sampler\Font.h">
      <Filter>Header Files</Filter>
    </ClInclude>
    <ClInclude Include="src\copium\sampler\Glyph.h">
      <Filter>Header Files</Filter>
    </ClInclude>
    <ClInclude Include="src\copium\util\Enum.h">
      <Filter>Header Files</Filter>
    </ClInclude>
    <ClInclude Include="src\copium\util\BoundingBox.h">
      <Filter>Header Files</Filter>
    </ClInclude>
    <ClInclude Include="src\copium\ecs\ComponentPool.h">
      <Filter>Header Files</Filter>
    </ClInclude>
    <ClInclude Include="src\copium\ecs\Config.h">
      <Filter>Header Files</Filter>
    </ClInclude>
    <ClInclude Include="src\copium\ecs\ECSManager.h">
      <Filter>Header Files</Filter>
    </ClInclude>
    <ClInclude Include="src\copium\ecs\Entity.h">
      <Filter>Header Files</Filter>
    </ClInclude>
    <ClInclude Include="src\copium\ecs\EntitySet.h">
      <Filter>Header Files</Filter>
    </ClInclude>
    <ClInclude Include="src\copium\ecs\ComponentPoolBase.h">
      <Filter>Header Files</Filter>
    </ClInclude>
    <ClInclude Include="src\copium\core\Scene.h">
      <Filter>Header Files</Filter>
    </ClInclude>
    <ClInclude Include="src\copium\asset\AssetRef.h">
      <Filter>Header Files</Filter>
    </ClInclude>
    <ClInclude Include="src\copium\ecs\System.h">
      <Filter>Header Files</Filter>
    </ClInclude>
    <ClInclude Include="src\copium\ecs\SystemPool.h">
      <Filter>Header Files</Filter>
    </ClInclude>
    <ClInclude Include="src\copium\ecs\SystemBase.h">
      <Filter>Header Files</Filter>
    </ClInclude>
    <ClInclude Include="src\copium\ecs\SystemOrderer.h">
      <Filter>Header Files</Filter>
    </ClInclude>
    <ClInclude Include="src\copium\example\FrameCountSystem.h">
      <Filter>Header Files</Filter>
    </ClInclude>
    <ClInclude Include="src\copium\example\Components.h">
      <Filter>Header Files</Filter>
    </ClInclude>
    <ClInclude Include="src\copium\example\MouseFollowSystem.h">
      <Filter>Header Files</Filter>
    </ClInclude>
    <ClInclude Include="src\copium\example\RenderSystem.h">
      <Filter>Header Files</Filter>
    </ClInclude>
  </ItemGroup>
</Project>